
Microsoft Visual Studio Solution File, Format Version 12.00
# Visual Studio 2013
VisualStudioVersion = 12.0.31101.0
MinimumVisualStudioVersion = 10.0.40219.1
Project("{FAE04EC0-301F-11D3-BF4B-00C04F79EFBC}") = "PosauneAnalytics.Libraries", "PosauneAnalytics.Libraries\PosauneAnalytics.Libraries.csproj", "{90F05C30-7128-432D-BC20-F6D59ACE3160}"
EndProject
Project("{FAE04EC0-301F-11D3-BF4B-00C04F79EFBC}") = "PosauneAnalytics.Logging", "PosauneAnalytics.Logging\PosauneAnalytics.Logging.csproj", "{B5C86399-44CF-4D02-9603-26C02255B164}"
EndProject
Project("{FAE04EC0-301F-11D3-BF4B-00C04F79EFBC}") = "PosauneAnalytics.UnitTests", "PosauneAnalytics.UnitTests\PosauneAnalytics.UnitTests.csproj", "{D8D5961F-C210-4DC7-865D-3F6172CC0183}"
EndProject
Project("{FAE04EC0-301F-11D3-BF4B-00C04F79EFBC}") = "PosauneAnalytics.Web.Application", "PosauneAnalytics.Web.Application\PosauneAnalytics.Web.Application.csproj", "{6B409225-39CA-4AC7-A285-CEB1B3006B73}"
EndProject
Project("{FAE04EC0-301F-11D3-BF4B-00C04F79EFBC}") = "PosauneAnalytics.Web.UI", "PosauneAnalytics.Web.UI\PosauneAnalytics.Web.UI.csproj", "{5CD775E0-6EE3-488B-B274-1C843AE20828}"
EndProject
Project("{FAE04EC0-301F-11D3-BF4B-00C04F79EFBC}") = "PosauneAnalytics.TestHarness", "PosauneAnalytics.TestHarness\PosauneAnalytics.TestHarness.csproj", "{4696D090-2738-40B2-B62A-F9605FDA1401}"
EndProject
Project("{FAE04EC0-301F-11D3-BF4B-00C04F79EFBC}") = "PosauneAnalytics.FileManager", "PosauneAnalytics.FileManager\PosauneAnalytics.FileManager.csproj", "{496B9709-771C-418B-8267-AFFDF48317B3}"
EndProject
Project("{2150E333-8FDC-42A3-9474-1A3956D46DE8}") = "PublishScripts", "PublishScripts", "{0255B997-C504-47B5-8031-FF6248FAFE2B}"
	ProjectSection(SolutionItems) = preProject
		PublishScripts\AzureWebsitePublishModule.psm1 = PublishScripts\AzureWebsitePublishModule.psm1
		PublishScripts\Publish-WebApplicationWebsite.ps1 = PublishScripts\Publish-WebApplicationWebsite.ps1
	EndProjectSection
EndProject
Project("{2150E333-8FDC-42A3-9474-1A3956D46DE8}") = "Configurations", "Configurations", "{F641C40D-4C4E-44E8-97E3-B11C96758DB0}"
	ProjectSection(SolutionItems) = preProject
		PublishScripts\Configurations\PosauneAnalyticsCloudWebUI-WAWS-dev.json = PublishScripts\Configurations\PosauneAnalyticsCloudWebUI-WAWS-dev.json
	EndProjectSection
EndProject
Project("{FAE04EC0-301F-11D3-BF4B-00C04F79EFBC}") = "PosauneAnalytics.Volatility.Web.Application", "PosauneAnalytics.Volatility.Web.Application\PosauneAnalytics.Volatility.Web.Application.csproj", "{19920625-97E3-43A0-BB16-B905BCB8EFB3}"
EndProject
Global
	GlobalSection(SolutionConfigurationPlatforms) = preSolution
		Debug|Any CPU = Debug|Any CPU
		Release|Any CPU = Release|Any CPU
	EndGlobalSection
	GlobalSection(ProjectConfigurationPlatforms) = postSolution
		{90F05C30-7128-432D-BC20-F6D59ACE3160}.Debug|Any CPU.ActiveCfg = Debug|Any CPU
		{90F05C30-7128-432D-BC20-F6D59ACE3160}.Debug|Any CPU.Build.0 = Debug|Any CPU
		{90F05C30-7128-432D-BC20-F6D59ACE3160}.Release|Any CPU.ActiveCfg = Release|Any CPU
		{90F05C30-7128-432D-BC20-F6D59ACE3160}.Release|Any CPU.Build.0 = Release|Any CPU
		{B5C86399-44CF-4D02-9603-26C02255B164}.Debug|Any CPU.ActiveCfg = Debug|Any CPU
		{B5C86399-44CF-4D02-9603-26C02255B164}.Debug|Any CPU.Build.0 = Debug|Any CPU
		{B5C86399-44CF-4D02-9603-26C02255B164}.Release|Any CPU.ActiveCfg = Release|Any CPU
		{B5C86399-44CF-4D02-9603-26C02255B164}.Release|Any CPU.Build.0 = Release|Any CPU
		{D8D5961F-C210-4DC7-865D-3F6172CC0183}.Debug|Any CPU.ActiveCfg = Debug|Any CPU
		{D8D5961F-C210-4DC7-865D-3F6172CC0183}.Debug|Any CPU.Build.0 = Debug|Any CPU
		{D8D5961F-C210-4DC7-865D-3F6172CC0183}.Release|Any CPU.ActiveCfg = Release|Any CPU
		{D8D5961F-C210-4DC7-865D-3F6172CC0183}.Release|Any CPU.Build.0 = Release|Any CPU
		{6B409225-39CA-4AC7-A285-CEB1B3006B73}.Debug|Any CPU.ActiveCfg = Debug|Any CPU
		{6B409225-39CA-4AC7-A285-CEB1B3006B73}.Debug|Any CPU.Build.0 = Debug|Any CPU
		{6B409225-39CA-4AC7-A285-CEB1B3006B73}.Release|Any CPU.ActiveCfg = Release|Any CPU
		{6B409225-39CA-4AC7-A285-CEB1B3006B73}.Release|Any CPU.Build.0 = Release|Any CPU
		{5CD775E0-6EE3-488B-B274-1C843AE20828}.Debug|Any CPU.ActiveCfg = Debug|Any CPU
		{5CD775E0-6EE3-488B-B274-1C843AE20828}.Debug|Any CPU.Build.0 = Debug|Any CPU
		{5CD775E0-6EE3-488B-B274-1C843AE20828}.Release|Any CPU.ActiveCfg = Release|Any CPU
		{5CD775E0-6EE3-488B-B274-1C843AE20828}.Release|Any CPU.Build.0 = Release|Any CPU
		{4696D090-2738-40B2-B62A-F9605FDA1401}.Debug|Any CPU.ActiveCfg = Debug|Any CPU
		{4696D090-2738-40B2-B62A-F9605FDA1401}.Debug|Any CPU.Build.0 = Debug|Any CPU
		{4696D090-2738-40B2-B62A-F9605FDA1401}.Release|Any CPU.ActiveCfg = Release|Any CPU
		{4696D090-2738-40B2-B62A-F9605FDA1401}.Release|Any CPU.Build.0 = Release|Any CPU
		{496B9709-771C-418B-8267-AFFDF48317B3}.Debug|Any CPU.ActiveCfg = Debug|Any CPU
		{496B9709-771C-418B-8267-AFFDF48317B3}.Debug|Any CPU.Build.0 = Debug|Any CPU
		{496B9709-771C-418B-8267-AFFDF48317B3}.Release|Any CPU.ActiveCfg = Release|Any CPU
		{496B9709-771C-418B-8267-AFFDF48317B3}.Release|Any CPU.Build.0 = Release|Any CPU
		{19920625-97E3-43A0-BB16-B905BCB8EFB3}.Debug|Any CPU.ActiveCfg = Debug|Any CPU
		{19920625-97E3-43A0-BB16-B905BCB8EFB3}.Debug|Any CPU.Build.0 = Debug|Any CPU
		{19920625-97E3-43A0-BB16-B905BCB8EFB3}.Release|Any CPU.ActiveCfg = Release|Any CPU
		{19920625-97E3-43A0-BB16-B905BCB8EFB3}.Release|Any CPU.Build.0 = Release|Any CPU
	EndGlobalSection
	GlobalSection(SolutionProperties) = preSolution
		HideSolutionNode = FALSE
	EndGlobalSection
	GlobalSection(NestedProjects) = preSolution
		{F641C40D-4C4E-44E8-97E3-B11C96758DB0} = {0255B997-C504-47B5-8031-FF6248FAFE2B}
	EndGlobalSection
EndGlobal
